
Microsoft Visual Studio Solution File, Format Version 12.00
# Visual Studio 14
VisualStudioVersion = 14.0.25420.1
MinimumVisualStudioVersion = 10.0.40219.1
Project("{2150E333-8FDC-42A3-9474-1A3956D46DE8}") = "src", "src", "{05247DB7-3B1C-45F6-AD0B-3B16341C25B5}"
EndProject
Project("{2150E333-8FDC-42A3-9474-1A3956D46DE8}") = "Solution Items", "Solution Items", "{D3E1B7C8-3AF1-4810-B2B6-142290DE9F28}"
	ProjectSection(SolutionItems) = preProject
		global.json = global.json
	EndProjectSection
EndProject
Project("{8BB2217D-0F2D-49D1-97BC-3654ED321F3B}") = "SKBusService", "src\SKBusService\SKBusService.xproj", "{9CC9F0FA-0B0A-4ABE-8531-409AA046633A}"
EndProject
Project("{8BB2217D-0F2D-49D1-97BC-3654ED321F3B}") = "SKClassLibrary", "src\SKClassLibrary\SKClassLibrary.xproj", "{5577D355-C5C8-4A5E-A86B-2D39E9B73D6D}"
EndProject
Project("{2150E333-8FDC-42A3-9474-1A3956D46DE8}") = "test", "test", "{C7146E3B-DE2E-4FA0-A36E-B24252930B87}"
EndProject
Project("{8BB2217D-0F2D-49D1-97BC-3654ED321F3B}") = "xUnit.Tests", "test\xUnit.Tests\xUnit.Tests.xproj", "{EA78514A-444B-436B-B0D3-2C3D578B8E35}"
EndProject
Global
	GlobalSection(SolutionConfigurationPlatforms) = preSolution
		Debug|Any CPU = Debug|Any CPU
		Release|Any CPU = Release|Any CPU
	EndGlobalSection
	GlobalSection(ProjectConfigurationPlatforms) = postSolution
		{9CC9F0FA-0B0A-4ABE-8531-409AA046633A}.Debug|Any CPU.ActiveCfg = Debug|Any CPU
		{9CC9F0FA-0B0A-4ABE-8531-409AA046633A}.Debug|Any CPU.Build.0 = Debug|Any CPU
		{9CC9F0FA-0B0A-4ABE-8531-409AA046633A}.Release|Any CPU.ActiveCfg = Release|Any CPU
		{9CC9F0FA-0B0A-4ABE-8531-409AA046633A}.Release|Any CPU.Build.0 = Release|Any CPU
		{5577D355-C5C8-4A5E-A86B-2D39E9B73D6D}.Debug|Any CPU.ActiveCfg = Debug|Any CPU
		{5577D355-C5C8-4A5E-A86B-2D39E9B73D6D}.Debug|Any CPU.Build.0 = Debug|Any CPU
		{5577D355-C5C8-4A5E-A86B-2D39E9B73D6D}.Release|Any CPU.ActiveCfg = Release|Any CPU
		{5577D355-C5C8-4A5E-A86B-2D39E9B73D6D}.Release|Any CPU.Build.0 = Release|Any CPU
		{EA78514A-444B-436B-B0D3-2C3D578B8E35}.Debug|Any CPU.ActiveCfg = Debug|Any CPU
		{EA78514A-444B-436B-B0D3-2C3D578B8E35}.Debug|Any CPU.Build.0 = Debug|Any CPU
		{EA78514A-444B-436B-B0D3-2C3D578B8E35}.Release|Any CPU.ActiveCfg = Release|Any CPU
		{EA78514A-444B-436B-B0D3-2C3D578B8E35}.Release|Any CPU.Build.0 = Release|Any CPU
	EndGlobalSection
	GlobalSection(SolutionProperties) = preSolution
		HideSolutionNode = FALSE
	EndGlobalSection
	GlobalSection(NestedProjects) = preSolution
		{9CC9F0FA-0B0A-4ABE-8531-409AA046633A} = {05247DB7-3B1C-45F6-AD0B-3B16341C25B5}
		{5577D355-C5C8-4A5E-A86B-2D39E9B73D6D} = {05247DB7-3B1C-45F6-AD0B-3B16341C25B5}
		{EA78514A-444B-436B-B0D3-2C3D578B8E35} = {C7146E3B-DE2E-4FA0-A36E-B24252930B87}
	EndGlobalSection
EndGlobal
